
Microsoft Visual Studio Solution File, Format Version 12.00
# Visual Studio Version 17
VisualStudioVersion = 17.5.33530.505
MinimumVisualStudioVersion = 10.0.40219.1
Project("{FAE04EC0-301F-11D3-BF4B-00C04F79EFBC}") = "RPS", "RPS.csproj", "{8496B5FF-89EE-4689-A534-7901F774B735}"
EndProject
Global
	GlobalSection(SolutionConfigurationPlatforms) = preSolution
		Debug|Any CPU = Debug|Any CPU
		Release|Any CPU = Release|Any CPU
	EndGlobalSection
	GlobalSection(ProjectConfigurationPlatforms) = postSolution
		{8496B5FF-89EE-4689-A534-7901F774B735}.Debug|Any CPU.ActiveCfg = Debug|Any CPU
		{8496B5FF-89EE-4689-A534-7901F774B735}.Debug|Any CPU.Build.0 = Debug|Any CPU
		{8496B5FF-89EE-4689-A534-7901F774B735}.Release|Any CPU.ActiveCfg = Release|Any CPU
		{8496B5FF-89EE-4689-A534-7901F774B735}.Release|Any CPU.Build.0 = Release|Any CPU
	EndGlobalSection
	GlobalSection(SolutionProperties) = preSolution
		HideSolutionNode = FALSE
	EndGlobalSection
	GlobalSection(ExtensibilityGlobals) = postSolution
		SolutionGuid = {BB9A32EF-0A28-43AE-88C0-5EF616291C7D}
	EndGlobalSection
EndGlobal
